
Microsoft Visual Studio Solution File, Format Version 12.00
# Visual Studio Version 16
VisualStudioVersion = 16.0.31624.102
MinimumVisualStudioVersion = 10.0.40219.1
Project("{FAE04EC0-301F-11D3-BF4B-00C04F79EFBC}") = "CoffeeShop", "CoffeeShop\CoffeeShop.csproj", "{8F00EA7D-6D35-4663-9459-FA92C0BC5409}"
EndProject
Global
	GlobalSection(SolutionConfigurationPlatforms) = preSolution
		Debug|Any CPU = Debug|Any CPU
		Release|Any CPU = Release|Any CPU
	EndGlobalSection
	GlobalSection(ProjectConfigurationPlatforms) = postSolution
		{8F00EA7D-6D35-4663-9459-FA92C0BC5409}.Debug|Any CPU.ActiveCfg = Debug|Any CPU
		{8F00EA7D-6D35-4663-9459-FA92C0BC5409}.Debug|Any CPU.Build.0 = Debug|Any CPU
		{8F00EA7D-6D35-4663-9459-FA92C0BC5409}.Release|Any CPU.ActiveCfg = Release|Any CPU
		{8F00EA7D-6D35-4663-9459-FA92C0BC5409}.Release|Any CPU.Build.0 = Release|Any CPU
	EndGlobalSection
	GlobalSection(SolutionProperties) = preSolution
		HideSolutionNode = FALSE
	EndGlobalSection
	GlobalSection(ExtensibilityGlobals) = postSolution
		SolutionGuid = {0BA11F14-1497-426D-B117-90673A2D79D9}
	EndGlobalSection
EndGlobal
